// !$*UTF8*$!
{
	archiveVersion = 1;
	classes = {
	};
	objectVersion = 46;
	objects = {

/* Begin PBXBuildFile section */
		4BA635990C57B993405F7CF9 /* libPods.a in Frameworks */ = {isa = PBXBuildFile; fileRef = 474E05D9A224196835AF6E09 /* libPods.a */; };
		81AC3B3F1B87A1D300919D15 /* TweetBasicCell.m in Sources */ = {isa = PBXBuildFile; fileRef = 81AC3B3D1B87A1D300919D15 /* TweetBasicCell.m */; };
		81AC3B401B87A1D300919D15 /* TweetBasicCell.xib in Resources */ = {isa = PBXBuildFile; fileRef = 81AC3B3E1B87A1D300919D15 /* TweetBasicCell.xib */; };
		81AC3B431B87A77100919D15 /* TweetLabel.m in Sources */ = {isa = PBXBuildFile; fileRef = 81AC3B421B87A77100919D15 /* TweetLabel.m */; };
		81AC3B471B87BA2800919D15 /* Default-568h@2x.png in Resources */ = {isa = PBXBuildFile; fileRef = 81AC3B461B87BA2800919D15 /* Default-568h@2x.png */; };
		81CF796C1B85D11700072C55 /* main.m in Sources */ = {isa = PBXBuildFile; fileRef = 81CF796B1B85D11700072C55 /* main.m */; };
		81CF796F1B85D11700072C55 /* AppDelegate.m in Sources */ = {isa = PBXBuildFile; fileRef = 81CF796E1B85D11700072C55 /* AppDelegate.m */; };
		81CF79771B85D11700072C55 /* Images.xcassets in Resources */ = {isa = PBXBuildFile; fileRef = 81CF79761B85D11700072C55 /* Images.xcassets */; };
		81D36B8D1B876C330041065C /* LoginViewController.m in Sources */ = {isa = PBXBuildFile; fileRef = 81D36B811B876C330041065C /* LoginViewController.m */; };
		81D36B8E1B876C330041065C /* LoginViewController.xib in Resources */ = {isa = PBXBuildFile; fileRef = 81D36B821B876C330041065C /* LoginViewController.xib */; };
		81D36B8F1B876C330041065C /* MainViewController.m in Sources */ = {isa = PBXBuildFile; fileRef = 81D36B841B876C330041065C /* MainViewController.m */; };
		81D36B901B876C330041065C /* MainViewController.xib in Resources */ = {isa = PBXBuildFile; fileRef = 81D36B851B876C330041065C /* MainViewController.xib */; };
		81D36B911B876C330041065C /* Tweet.m in Sources */ = {isa = PBXBuildFile; fileRef = 81D36B881B876C330041065C /* Tweet.m */; };
		81D36B921B876C330041065C /* TweetImageCell.m in Sources */ = {isa = PBXBuildFile; fileRef = 81D36B8B1B876C330041065C /* TweetImageCell.m */; };
		81D36B931B876C330041065C /* TweetImageCell.xib in Resources */ = {isa = PBXBuildFile; fileRef = 81D36B8C1B876C330041065C /* TweetImageCell.xib */; };
		81D36B971B876C450041065C /* Mummy.png in Resources */ = {isa = PBXBuildFile; fileRef = 81D36B961B876C450041065C /* Mummy.png */; };
		81D36B9A1B876E770041065C /* MyApi.m in Sources */ = {isa = PBXBuildFile; fileRef = 81D36B991B876E770041065C /* MyApi.m */; };
/* End PBXBuildFile section */

/* Begin PBXFileReference section */
		342AEE9B08958FD603D832B6 /* Pods.release.xcconfig */ = {isa = PBXFileReference; includeInIndex = 1; lastKnownFileType = text.xcconfig; name = Pods.release.xcconfig; path = "Pods/Target Support Files/Pods/Pods.release.xcconfig"; sourceTree = "<group>"; };
		474E05D9A224196835AF6E09 /* libPods.a */ = {isa = PBXFileReference; explicitFileType = archive.ar; includeInIndex = 0; path = libPods.a; sourceTree = BUILT_PRODUCTS_DIR; };
		81AC3B3C1B87A1D300919D15 /* TweetBasicCell.h */ = {isa = PBXFileReference; fileEncoding = 4; lastKnownFileType = sourcecode.c.h; path = TweetBasicCell.h; sourceTree = "<group>"; };
		81AC3B3D1B87A1D300919D15 /* TweetBasicCell.m */ = {isa = PBXFileReference; fileEncoding = 4; lastKnownFileType = sourcecode.c.objc; path = TweetBasicCell.m; sourceTree = "<group>"; };
		81AC3B3E1B87A1D300919D15 /* TweetBasicCell.xib */ = {isa = PBXFileReference; fileEncoding = 4; lastKnownFileType = file.xib; path = TweetBasicCell.xib; sourceTree = "<group>"; };
		81AC3B411B87A77100919D15 /* TweetLabel.h */ = {isa = PBXFileReference; fileEncoding = 4; lastKnownFileType = sourcecode.c.h; path = TweetLabel.h; sourceTree = "<group>"; };
		81AC3B421B87A77100919D15 /* TweetLabel.m */ = {isa = PBXFileReference; fileEncoding = 4; lastKnownFileType = sourcecode.c.objc; path = TweetLabel.m; sourceTree = "<group>"; };
		81AC3B461B87BA2800919D15 /* Default-568h@2x.png */ = {isa = PBXFileReference; lastKnownFileType = image.png; path = "Default-568h@2x.png"; sourceTree = "<group>"; };
		81CF79661B85D11700072C55 /* Test.app */ = {isa = PBXFileReference; explicitFileType = wrapper.application; includeInIndex = 0; path = Test.app; sourceTree = BUILT_PRODUCTS_DIR; };
		81CF796A1B85D11700072C55 /* Info.plist */ = {isa = PBXFileReference; lastKnownFileType = text.plist.xml; path = Info.plist; sourceTree = "<group>"; };
		81CF796B1B85D11700072C55 /* main.m */ = {isa = PBXFileReference; lastKnownFileType = sourcecode.c.objc; path = main.m; sourceTree = "<group>"; };
		81CF796D1B85D11700072C55 /* AppDelegate.h */ = {isa = PBXFileReference; lastKnownFileType = sourcecode.c.h; path = AppDelegate.h; sourceTree = "<group>"; };
		81CF796E1B85D11700072C55 /* AppDelegate.m */ = {isa = PBXFileReference; lastKnownFileType = sourcecode.c.objc; path = AppDelegate.m; sourceTree = "<group>"; };
		81CF79761B85D11700072C55 /* Images.xcassets */ = {isa = PBXFileReference; lastKnownFileType = folder.assetcatalog; name = Images.xcassets; path = Test/Images.xcassets; sourceTree = "<group>"; };
		81D36B801B876C330041065C /* LoginViewController.h */ = {isa = PBXFileReference; fileEncoding = 4; lastKnownFileType = sourcecode.c.h; path = LoginViewController.h; sourceTree = "<group>"; };
		81D36B811B876C330041065C /* LoginViewController.m */ = {isa = PBXFileReference; fileEncoding = 4; lastKnownFileType = sourcecode.c.objc; path = LoginViewController.m; sourceTree = "<group>"; };
		81D36B821B876C330041065C /* LoginViewController.xib */ = {isa = PBXFileReference; fileEncoding = 4; lastKnownFileType = file.xib; path = LoginViewController.xib; sourceTree = "<group>"; };
		81D36B831B876C330041065C /* MainViewController.h */ = {isa = PBXFileReference; fileEncoding = 4; lastKnownFileType = sourcecode.c.h; path = MainViewController.h; sourceTree = "<group>"; };
		81D36B841B876C330041065C /* MainViewController.m */ = {isa = PBXFileReference; fileEncoding = 4; lastKnownFileType = sourcecode.c.objc; path = MainViewController.m; sourceTree = "<group>"; };
		81D36B851B876C330041065C /* MainViewController.xib */ = {isa = PBXFileReference; fileEncoding = 4; lastKnownFileType = file.xib; path = MainViewController.xib; sourceTree = "<group>"; };
		81D36B871B876C330041065C /* Tweet.h */ = {isa = PBXFileReference; fileEncoding = 4; lastKnownFileType = sourcecode.c.h; path = Tweet.h; sourceTree = "<group>"; };
		81D36B881B876C330041065C /* Tweet.m */ = {isa = PBXFileReference; fileEncoding = 4; lastKnownFileType = sourcecode.c.objc; path = Tweet.m; sourceTree = "<group>"; };
		81D36B8A1B876C330041065C /* TweetImageCell.h */ = {isa = PBXFileReference; fileEncoding = 4; lastKnownFileType = sourcecode.c.h; path = TweetImageCell.h; sourceTree = "<group>"; };
		81D36B8B1B876C330041065C /* TweetImageCell.m */ = {isa = PBXFileReference; fileEncoding = 4; lastKnownFileType = sourcecode.c.objc; path = TweetImageCell.m; sourceTree = "<group>"; };
		81D36B8C1B876C330041065C /* TweetImageCell.xib */ = {isa = PBXFileReference; fileEncoding = 4; lastKnownFileType = file.xib; path = TweetImageCell.xib; sourceTree = "<group>"; };
		81D36B961B876C450041065C /* Mummy.png */ = {isa = PBXFileReference; lastKnownFileType = image.png; path = Mummy.png; sourceTree = "<group>"; };
		81D36B981B876E770041065C /* MyApi.h */ = {isa = PBXFileReference; fileEncoding = 4; lastKnownFileType = sourcecode.c.h; path = MyApi.h; sourceTree = "<group>"; };
		81D36B991B876E770041065C /* MyApi.m */ = {isa = PBXFileReference; fileEncoding = 4; lastKnownFileType = sourcecode.c.objc; path = MyApi.m; sourceTree = "<group>"; };
		CE4A652D9263BDDF74D08739 /* Pods.debug.xcconfig */ = {isa = PBXFileReference; includeInIndex = 1; lastKnownFileType = text.xcconfig; name = Pods.debug.xcconfig; path = "Pods/Target Support Files/Pods/Pods.debug.xcconfig"; sourceTree = "<group>"; };
/* End PBXFileReference section */

/* Begin PBXFrameworksBuildPhase section */
		81CF79631B85D11700072C55 /* Frameworks */ = {
			isa = PBXFrameworksBuildPhase;
			buildActionMask = 2147483647;
			files = (
				4BA635990C57B993405F7CF9 /* libPods.a in Frameworks */,
			);
			runOnlyForDeploymentPostprocessing = 0;
		};
/* End PBXFrameworksBuildPhase section */

/* Begin PBXGroup section */
		26FCC81B39CD9175885D025B /* Pods */ = {
			isa = PBXGroup;
			children = (
				CE4A652D9263BDDF74D08739 /* Pods.debug.xcconfig */,
				342AEE9B08958FD603D832B6 /* Pods.release.xcconfig */,
			);
			name = Pods;
			sourceTree = "<group>";
		};
		7D1584C54165E78BE6F67AF2 /* Frameworks */ = {
			isa = PBXGroup;
			children = (
				474E05D9A224196835AF6E09 /* libPods.a */,
			);
			name = Frameworks;
			sourceTree = "<group>";
		};
		81CF795D1B85D11700072C55 = {
			isa = PBXGroup;
			children = (
				81AC3B461B87BA2800919D15 /* Default-568h@2x.png */,
				81CF79761B85D11700072C55 /* Images.xcassets */,
				81CF79681B85D11700072C55 /* Test */,
				7D1584C54165E78BE6F67AF2 /* Frameworks */,
				26FCC81B39CD9175885D025B /* Pods */,
				81CF79671B85D11700072C55 /* Products */,
			);
			sourceTree = "<group>";
		};
		81CF79671B85D11700072C55 /* Products */ = {
			isa = PBXGroup;
			children = (
				81CF79661B85D11700072C55 /* Test.app */,
			);
			name = Products;
			sourceTree = "<group>";
		};
		81CF79681B85D11700072C55 /* Test */ = {
			isa = PBXGroup;
			children = (
				81CF796D1B85D11700072C55 /* AppDelegate.h */,
				81CF796E1B85D11700072C55 /* AppDelegate.m */,
				81D36B7E1B876C330041065C /* Classes */,
				81D36B941B876C450041065C /* Resources */,
				81CF79691B85D11700072C55 /* Supporting Files */,
			);
			path = Test;
			sourceTree = "<group>";
		};
		81CF79691B85D11700072C55 /* Supporting Files */ = {
			isa = PBXGroup;
			children = (
				81CF796A1B85D11700072C55 /* Info.plist */,
				81CF796B1B85D11700072C55 /* main.m */,
			);
			name = "Supporting Files";
			sourceTree = "<group>";
		};
		81D36B7E1B876C330041065C /* Classes */ = {
			isa = PBXGroup;
			children = (
				81D36B861B876C330041065C /* Model */,
				81D36B891B876C330041065C /* View */,
				81D36B7F1B876C330041065C /* Controller */,
			);
			path = Classes;
			sourceTree = "<group>";
		};
		81D36B7F1B876C330041065C /* Controller */ = {
			isa = PBXGroup;
			children = (
				81D36B801B876C330041065C /* LoginViewController.h */,
				81D36B811B876C330041065C /* LoginViewController.m */,
				81D36B821B876C330041065C /* LoginViewController.xib */,
				81D36B831B876C330041065C /* MainViewController.h */,
				81D36B841B876C330041065C /* MainViewController.m */,
				81D36B851B876C330041065C /* MainViewController.xib */,
			);
			path = Controller;
			sourceTree = "<group>";
		};
		81D36B861B876C330041065C /* Model */ = {
			isa = PBXGroup;
			children = (
				81D36B871B876C330041065C /* Tweet.h */,
				81D36B881B876C330041065C /* Tweet.m */,
				81D36B981B876E770041065C /* MyApi.h */,
				81D36B991B876E770041065C /* MyApi.m */,
			);
			path = Model;
			sourceTree = "<group>";
		};
		81D36B891B876C330041065C /* View */ = {
			isa = PBXGroup;
			children = (
				81AC3B3C1B87A1D300919D15 /* TweetBasicCell.h */,
				81AC3B3D1B87A1D300919D15 /* TweetBasicCell.m */,
				81AC3B3E1B87A1D300919D15 /* TweetBasicCell.xib */,
				81D36B8A1B876C330041065C /* TweetImageCell.h */,
				81D36B8B1B876C330041065C /* TweetImageCell.m */,
				81D36B8C1B876C330041065C /* TweetImageCell.xib */,
				81AC3B411B87A77100919D15 /* TweetLabel.h */,
				81AC3B421B87A77100919D15 /* TweetLabel.m */,
			);
			path = View;
			sourceTree = "<group>";
		};
		81D36B941B876C450041065C /* Resources */ = {
			isa = PBXGroup;
			children = (
				81D36B951B876C450041065C /* Images */,
			);
			path = Resources;
			sourceTree = "<group>";
		};
		81D36B951B876C450041065C /* Images */ = {
			isa = PBXGroup;
			children = (
				81D36B961B876C450041065C /* Mummy.png */,
			);
			path = Images;
			sourceTree = "<group>";
		};
/* End PBXGroup section */

/* Begin PBXNativeTarget section */
		81CF79651B85D11700072C55 /* Test */ = {
			isa = PBXNativeTarget;
			buildConfigurationList = 81CF79891B85D11700072C55 /* Build configuration list for PBXNativeTarget "Test" */;
			buildPhases = (
				6D9D1BEE1B34592419F467E3 /* Check Pods Manifest.lock */,
				81CF79621B85D11700072C55 /* Sources */,
				81CF79631B85D11700072C55 /* Frameworks */,
				81CF79641B85D11700072C55 /* Resources */,
				854D7E297E4B78E774C07AD6 /* Copy Pods Resources */,
			);
			buildRules = (
			);
			dependencies = (
			);
			name = Test;
			productName = Test;
			productReference = 81CF79661B85D11700072C55 /* Test.app */;
			productType = "com.apple.product-type.application";
		};
/* End PBXNativeTarget section */

/* Begin PBXProject section */
		81CF795E1B85D11700072C55 /* Project object */ = {
			isa = PBXProject;
			attributes = {
				LastUpgradeCheck = 0640;
				ORGANIZATIONNAME = "Alex Tran";
				TargetAttributes = {
					81CF79651B85D11700072C55 = {
						CreatedOnToolsVersion = 6.4;
					};
				};
			};
			buildConfigurationList = 81CF79611B85D11700072C55 /* Build configuration list for PBXProject "Test" */;
			compatibilityVersion = "Xcode 3.2";
			developmentRegion = English;
			hasScannedForEncodings = 0;
			knownRegions = (
				en,
				Base,
			);
			mainGroup = 81CF795D1B85D11700072C55;
			productRefGroup = 81CF79671B85D11700072C55 /* Products */;
			projectDirPath = "";
			projectRoot = "";
			targets = (
				81CF79651B85D11700072C55 /* Test */,
			);
		};
/* End PBXProject section */

/* Begin PBXResourcesBuildPhase section */
		81CF79641B85D11700072C55 /* Resources */ = {
			isa = PBXResourcesBuildPhase;
			buildActionMask = 2147483647;
			files = (
				81D36B901B876C330041065C /* MainViewController.xib in Resources */,
				81D36B8E1B876C330041065C /* LoginViewController.xib in Resources */,
				81AC3B401B87A1D300919D15 /* TweetBasicCell.xib in Resources */,
				81D36B931B876C330041065C /* TweetImageCell.xib in Resources */,
				81AC3B471B87BA2800919D15 /* Default-568h@2x.png in Resources */,
				81CF79771B85D11700072C55 /* Images.xcassets in Resources */,
				81D36B971B876C450041065C /* Mummy.png in Resources */,
			);
			runOnlyForDeploymentPostprocessing = 0;
		};
/* End PBXResourcesBuildPhase section */

/* Begin PBXShellScriptBuildPhase section */
		6D9D1BEE1B34592419F467E3 /* Check Pods Manifest.lock */ = {
			isa = PBXShellScriptBuildPhase;
			buildActionMask = 2147483647;
			files = (
			);
			inputPaths = (
			);
			name = "Check Pods Manifest.lock";
			outputPaths = (
			);
			runOnlyForDeploymentPostprocessing = 0;
			shellPath = /bin/sh;
			shellScript = "diff \"${PODS_ROOT}/../Podfile.lock\" \"${PODS_ROOT}/Manifest.lock\" > /dev/null\nif [[ $? != 0 ]] ; then\n    cat << EOM\nerror: The sandbox is not in sync with the Podfile.lock. Run 'pod install' or update your CocoaPods installation.\nEOM\n    exit 1\nfi\n";
			showEnvVarsInLog = 0;
		};
		854D7E297E4B78E774C07AD6 /* Copy Pods Resources */ = {
			isa = PBXShellScriptBuildPhase;
			buildActionMask = 2147483647;
			files = (
			);
			inputPaths = (
			);
			name = "Copy Pods Resources";
			outputPaths = (
			);
			runOnlyForDeploymentPostprocessing = 0;
			shellPath = /bin/sh;
			shellScript = "\"${SRCROOT}/Pods/Target Support Files/Pods/Pods-resources.sh\"\n";
			showEnvVarsInLog = 0;
		};
/* End PBXShellScriptBuildPhase section */

/* Begin PBXSourcesBuildPhase section */
		81CF79621B85D11700072C55 /* Sources */ = {
			isa = PBXSourcesBuildPhase;
			buildActionMask = 2147483647;
			files = (
				81D36B921B876C330041065C /* TweetImageCell.m in Sources */,
				81CF796F1B85D11700072C55 /* AppDelegate.m in Sources */,
				81D36B8F1B876C330041065C /* MainViewController.m in Sources */,
				81D36B911B876C330041065C /* Tweet.m in Sources */,
				81AC3B431B87A77100919D15 /* TweetLabel.m in Sources */,
				81D36B9A1B876E770041065C /* MyApi.m in Sources */,
				81CF796C1B85D11700072C55 /* main.m in Sources */,
				81AC3B3F1B87A1D300919D15 /* TweetBasicCell.m in Sources */,
				81D36B8D1B876C330041065C /* LoginViewController.m in Sources */,
			);
			runOnlyForDeploymentPostprocessing = 0;
		};
/* End PBXSourcesBuildPhase section */

/* Begin XCBuildConfiguration section */
		81CF79871B85D11700072C55 /* Debug */ = {
			isa = XCBuildConfiguration;
			buildSettings = {
				ALWAYS_SEARCH_USER_PATHS = NO;
				CLANG_CXX_LANGUAGE_STANDARD = "gnu++0x";
				CLANG_CXX_LIBRARY = "libc++";
				CLANG_ENABLE_MODULES = YES;
				CLANG_ENABLE_OBJC_ARC = YES;
				CLANG_WARN_BOOL_CONVERSION = YES;
				CLANG_WARN_CONSTANT_CONVERSION = YES;
				CLANG_WARN_DIRECT_OBJC_ISA_USAGE = YES_ERROR;
				CLANG_WARN_EMPTY_BODY = YES;
				CLANG_WARN_ENUM_CONVERSION = YES;
				CLANG_WARN_INT_CONVERSION = YES;
				CLANG_WARN_OBJC_ROOT_CLASS = YES_ERROR;
				CLANG_WARN_UNREACHABLE_CODE = YES;
				CLANG_WARN__DUPLICATE_METHOD_MATCH = YES;
				"CODE_SIGN_IDENTITY[sdk=iphoneos*]" = "iPhone Developer";
				COPY_PHASE_STRIP = NO;
				DEBUG_INFORMATION_FORMAT = "dwarf-with-dsym";
				ENABLE_STRICT_OBJC_MSGSEND = YES;
				GCC_C_LANGUAGE_STANDARD = gnu99;
				GCC_DYNAMIC_NO_PIC = NO;
				GCC_NO_COMMON_BLOCKS = YES;
				GCC_OPTIMIZATION_LEVEL = 0;
				GCC_PREPROCESSOR_DEFINITIONS = (
					"DEBUG=1",
					"$(inherited)",
				);
				GCC_SYMBOLS_PRIVATE_EXTERN = NO;
				GCC_WARN_64_TO_32_BIT_CONVERSION = YES;
				GCC_WARN_ABOUT_RETURN_TYPE = YES_ERROR;
				GCC_WARN_UNDECLARED_SELECTOR = YES;
				GCC_WARN_UNINITIALIZED_AUTOS = YES_AGGRESSIVE;
				GCC_WARN_UNUSED_FUNCTION = YES;
				GCC_WARN_UNUSED_VARIABLE = YES;
				IPHONEOS_DEPLOYMENT_TARGET = 7.0;
				MTL_ENABLE_DEBUG_INFO = YES;
				ONLY_ACTIVE_ARCH = YES;
				SDKROOT = iphoneos;
			};
			name = Debug;
		};
		81CF79881B85D11700072C55 /* Release */ = {
			isa = XCBuildConfiguration;
			buildSettings = {
				ALWAYS_SEARCH_USER_PATHS = NO;
				CLANG_CXX_LANGUAGE_STANDARD = "gnu++0x";
				CLANG_CXX_LIBRARY = "libc++";
				CLANG_ENABLE_MODULES = YES;
				CLANG_ENABLE_OBJC_ARC = YES;
				CLANG_WARN_BOOL_CONVERSION = YES;
				CLANG_WARN_CONSTANT_CONVERSION = YES;
				CLANG_WARN_DIRECT_OBJC_ISA_USAGE = YES_ERROR;
				CLANG_WARN_EMPTY_BODY = YES;
				CLANG_WARN_ENUM_CONVERSION = YES;
				CLANG_WARN_INT_CONVERSION = YES;
				CLANG_WARN_OBJC_ROOT_CLASS = YES_ERROR;
				CLANG_WARN_UNREACHABLE_CODE = YES;
				CLANG_WARN__DUPLICATE_METHOD_MATCH = YES;
				"CODE_SIGN_IDENTITY[sdk=iphoneos*]" = "iPhone Developer";
				COPY_PHASE_STRIP = NO;
				DEBUG_INFORMATION_FORMAT = "dwarf-with-dsym";
				ENABLE_NS_ASSERTIONS = NO;
				ENABLE_STRICT_OBJC_MSGSEND = YES;
				GCC_C_LANGUAGE_STANDARD = gnu99;
				GCC_NO_COMMON_BLOCKS = YES;
				GCC_WARN_64_TO_32_BIT_CONVERSION = YES;
				GCC_WARN_ABOUT_RETURN_TYPE = YES_ERROR;
				GCC_WARN_UNDECLARED_SELECTOR = YES;
				GCC_WARN_UNINITIALIZED_AUTOS = YES_AGGRESSIVE;
				GCC_WARN_UNUSED_FUNCTION = YES;
				GCC_WARN_UNUSED_VARIABLE = YES;
				IPHONEOS_DEPLOYMENT_TARGET = 7.0;
				MTL_ENABLE_DEBUG_INFO = NO;
				SDKROOT = iphoneos;
				VALIDATE_PRODUCT = YES;
			};
			name = Release;
		};
		81CF798A1B85D11700072C55 /* Debug */ = {
			isa = XCBuildConfiguration;
			baseConfigurationReference = CE4A652D9263BDDF74D08739 /* Pods.debug.xcconfig */;
			buildSettings = {
				ASSETCATALOG_COMPILER_APPICON_NAME = AppIcon;
				INFOPLIST_FILE = Test/Info.plist;
				IPHONEOS_DEPLOYMENT_TARGET = 7.0;
				LD_RUNPATH_SEARCH_PATHS = "$(inherited) @executable_path/Frameworks";
				PRODUCT_NAME = "$(TARGET_NAME)";
				TARGETED_DEVICE_FAMILY = 1;
			};
			name = Debug;
		};
		81CF798B1B85D11700072C55 /* Release */ = {
			isa = XCBuildConfiguration;
			baseConfigurationReference = 342AEE9B08958FD603D832B6 /* Pods.release.xcconfig */;
			buildSettings = {
				ASSETCATALOG_COMPILER_APPICON_NAME = AppIcon;
				INFOPLIST_FILE = Test/Info.plist;
				IPHONEOS_DEPLOYMENT_TARGET = 7.0;
				LD_RUNPATH_SEARCH_PATHS = "$(inherited) @executable_path/Frameworks";
				PRODUCT_NAME = "$(TARGET_NAME)";
				TARGETED_DEVICE_FAMILY = 1;
			};
			name = Release;
		};
/* End XCBuildConfiguration section */

/* Begin XCConfigurationList section */
		81CF79611B85D11700072C55 /* Build configuration list for PBXProject "Test" */ = {
			isa = XCConfigurationList;
			buildConfigurations = (
				81CF79871B85D11700072C55 /* Debug */,
				81CF79881B85D11700072C55 /* Release */,
			);
			defaultConfigurationIsVisible = 0;
			defaultConfigurationName = Release;
		};
		81CF79891B85D11700072C55 /* Build configuration list for PBXNativeTarget "Test" */ = {
			isa = XCConfigurationList;
			buildConfigurations = (
				81CF798A1B85D11700072C55 /* Debug */,
				81CF798B1B85D11700072C55 /* Release */,
			);
			defaultConfigurationIsVisible = 0;
			defaultConfigurationName = Release;
		};
/* End XCConfigurationList section */
	};
	rootObject = 81CF795E1B85D11700072C55 /* Project object */;
}
